# This file was autogenerated by Stack.
# You should not edit this file by hand.
# For more information, please see the documentation at:
#   https://docs.haskellstack.org/en/stable/lock_files

snapshots:
- original:
    url: https://raw.githubusercontent.com/commercialhaskell/stackage-snapshots/master/lts/18/16.yaml
  completed:
    sha256: cdead65fca0323144b346c94286186f4969bf85594d649c49c7557295675d8a5
    url: https://raw.githubusercontent.com/commercialhaskell/stackage-snapshots/master/lts/18/16.yaml
    size: 586286
packages:
- original:
    hackage: hex-0.2.0@sha256:197d2561d2e216c4ead035b4911dabc6e678ac6257cb71b64e324c822f6f9f5a,726
  completed:
    pantry-tree:
      sha256: 1e5aba0165fb8ffa93d1516a87026a59c245750ca5f2ed42bd53b8328620f98e
      size: 197
    hackage: hex-0.2.0@sha256:197d2561d2e216c4ead035b4911dabc6e678ac6257cb71b64e324c822f6f9f5a,726
